# This file is @generated by PDM.
# It is not intended for manual editing.

[[package]]
name = "chardet"
version = "5.1.0"
requires_python = ">=3.7"
summary = "Universal encoding detector for Python 3"

[metadata]
lock_version = "4.1"
content_hash = "sha256:7df11c69504186868100536736bf4cc72f303fb2f320364165d8119bf585f96f"

[metadata.files]
"chardet 5.1.0" = [
    {url = "https://files.pythonhosted.org/packages/41/32/cdc91dcf83849c7385bf8e2a5693d87376536ed000807fa07f5eab33430d/chardet-5.1.0.tar.gz", hash = "sha256:0d62712b956bc154f85fb0a266e2a3c5913c2967e00348701b32411d6def31e5"},
    {url = "https://files.pythonhosted.org/packages/74/8f/8fc49109009e8d2169d94d72e6b1f4cd45c13d147ba7d6170fb41f22b08f/chardet-5.1.0-py3-none-any.whl", hash = "sha256:362777fb014af596ad31334fde1e8c327dfdb076e1960d1694662d46a6917ab9"},
]
